
Microsoft Visual Studio Solution File, Format Version 12.00
# Visual Studio Version 17
VisualStudioVersion = 17.0.31903.59
MinimumVisualStudioVersion = 10.0.40219.1
Project("{2150E333-8FDC-42A3-9474-1A3956D46DE8}") = "src", "src", "{827E0CD3-B72D-47B6-A68D-7590B98EB39B}"
EndProject
Project("{FAE04EC0-301F-11D3-BF4B-00C04F79EFBC}") = "Api", "src\Api\Api.csproj", "{B52D60DF-0799-4772-9CE3-60196D75C47E}"
EndProject
Project("{FAE04EC0-301F-11D3-BF4B-00C04F79EFBC}") = "Application", "src\Application\Application.csproj", "{B6D95538-FF49-4667-95F4-99FB1CF6E598}"
EndProject
Project("{FAE04EC0-301F-11D3-BF4B-00C04F79EFBC}") = "Domain", "src\Domain\Domain.csproj", "{D282C1F7-342C-470C-8243-4DF8C431EA85}"
EndProject
Project("{FAE04EC0-301F-11D3-BF4B-00C04F79EFBC}") = "Infrastructure", "src\Infrastructure\Infrastructure.csproj", "{33EE92D9-5EDA-41FE-BB0C-652CBDCBE3FA}"
EndProject
Project("{2150E333-8FDC-42A3-9474-1A3956D46DE8}") = "tests", "tests", "{0AB3BF05-4346-4AA6-1389-037BE0695223}"
EndProject
Project("{FAE04EC0-301F-11D3-BF4B-00C04F79EFBC}") = "Application.UnitTests", "tests\Application.UnitTests\Application.UnitTests.csproj", "{ED144FC0-8C5A-4044-B2B3-3B3BA9637C00}"
EndProject
Global
	GlobalSection(SolutionConfigurationPlatforms) = preSolution
		Debug|Any CPU = Debug|Any CPU
		Debug|x64 = Debug|x64
		Debug|x86 = Debug|x86
		Release|Any CPU = Release|Any CPU
		Release|x64 = Release|x64
		Release|x86 = Release|x86
	EndGlobalSection
	GlobalSection(ProjectConfigurationPlatforms) = postSolution
		{B52D60DF-0799-4772-9CE3-60196D75C47E}.Debug|Any CPU.ActiveCfg = Debug|Any CPU
		{B52D60DF-0799-4772-9CE3-60196D75C47E}.Debug|Any CPU.Build.0 = Debug|Any CPU
		{B52D60DF-0799-4772-9CE3-60196D75C47E}.Debug|x64.ActiveCfg = Debug|Any CPU
		{B52D60DF-0799-4772-9CE3-60196D75C47E}.Debug|x64.Build.0 = Debug|Any CPU
		{B52D60DF-0799-4772-9CE3-60196D75C47E}.Debug|x86.ActiveCfg = Debug|Any CPU
		{B52D60DF-0799-4772-9CE3-60196D75C47E}.Debug|x86.Build.0 = Debug|Any CPU
		{B52D60DF-0799-4772-9CE3-60196D75C47E}.Release|Any CPU.ActiveCfg = Release|Any CPU
		{B52D60DF-0799-4772-9CE3-60196D75C47E}.Release|Any CPU.Build.0 = Release|Any CPU
		{B52D60DF-0799-4772-9CE3-60196D75C47E}.Release|x64.ActiveCfg = Release|Any CPU
		{B52D60DF-0799-4772-9CE3-60196D75C47E}.Release|x64.Build.0 = Release|Any CPU
		{B52D60DF-0799-4772-9CE3-60196D75C47E}.Release|x86.ActiveCfg = Release|Any CPU
		{B52D60DF-0799-4772-9CE3-60196D75C47E}.Release|x86.Build.0 = Release|Any CPU
		{B6D95538-FF49-4667-95F4-99FB1CF6E598}.Debug|Any CPU.ActiveCfg = Debug|Any CPU
		{B6D95538-FF49-4667-95F4-99FB1CF6E598}.Debug|Any CPU.Build.0 = Debug|Any CPU
		{B6D95538-FF49-4667-95F4-99FB1CF6E598}.Debug|x64.ActiveCfg = Debug|Any CPU
		{B6D95538-FF49-4667-95F4-99FB1CF6E598}.Debug|x64.Build.0 = Debug|Any CPU
		{B6D95538-FF49-4667-95F4-99FB1CF6E598}.Debug|x86.ActiveCfg = Debug|Any CPU
		{B6D95538-FF49-4667-95F4-99FB1CF6E598}.Debug|x86.Build.0 = Debug|Any CPU
		{B6D95538-FF49-4667-95F4-99FB1CF6E598}.Release|Any CPU.ActiveCfg = Release|Any CPU
		{B6D95538-FF49-4667-95F4-99FB1CF6E598}.Release|Any CPU.Build.0 = Release|Any CPU
		{B6D95538-FF49-4667-95F4-99FB1CF6E598}.Release|x64.ActiveCfg = Release|Any CPU
		{B6D95538-FF49-4667-95F4-99FB1CF6E598}.Release|x64.Build.0 = Release|Any CPU
		{B6D95538-FF49-4667-95F4-99FB1CF6E598}.Release|x86.ActiveCfg = Release|Any CPU
		{B6D95538-FF49-4667-95F4-99FB1CF6E598}.Release|x86.Build.0 = Release|Any CPU
		{D282C1F7-342C-470C-8243-4DF8C431EA85}.Debug|Any CPU.ActiveCfg = Debug|Any CPU
		{D282C1F7-342C-470C-8243-4DF8C431EA85}.Debug|Any CPU.Build.0 = Debug|Any CPU
		{D282C1F7-342C-470C-8243-4DF8C431EA85}.Debug|x64.ActiveCfg = Debug|Any CPU
		{D282C1F7-342C-470C-8243-4DF8C431EA85}.Debug|x64.Build.0 = Debug|Any CPU
		{D282C1F7-342C-470C-8243-4DF8C431EA85}.Debug|x86.ActiveCfg = Debug|Any CPU
		{D282C1F7-342C-470C-8243-4DF8C431EA85}.Debug|x86.Build.0 = Debug|Any CPU
		{D282C1F7-342C-470C-8243-4DF8C431EA85}.Release|Any CPU.ActiveCfg = Release|Any CPU
		{D282C1F7-342C-470C-8243-4DF8C431EA85}.Release|Any CPU.Build.0 = Release|Any CPU
		{D282C1F7-342C-470C-8243-4DF8C431EA85}.Release|x64.ActiveCfg = Release|Any CPU
		{D282C1F7-342C-470C-8243-4DF8C431EA85}.Release|x64.Build.0 = Release|Any CPU
		{D282C1F7-342C-470C-8243-4DF8C431EA85}.Release|x86.ActiveCfg = Release|Any CPU
		{D282C1F7-342C-470C-8243-4DF8C431EA85}.Release|x86.Build.0 = Release|Any CPU
		{33EE92D9-5EDA-41FE-BB0C-652CBDCBE3FA}.Debug|Any CPU.ActiveCfg = Debug|Any CPU
		{33EE92D9-5EDA-41FE-BB0C-652CBDCBE3FA}.Debug|Any CPU.Build.0 = Debug|Any CPU
		{33EE92D9-5EDA-41FE-BB0C-652CBDCBE3FA}.Debug|x64.ActiveCfg = Debug|Any CPU
		{33EE92D9-5EDA-41FE-BB0C-652CBDCBE3FA}.Debug|x64.Build.0 = Debug|Any CPU
		{33EE92D9-5EDA-41FE-BB0C-652CBDCBE3FA}.Debug|x86.ActiveCfg = Debug|Any CPU
		{33EE92D9-5EDA-41FE-BB0C-652CBDCBE3FA}.Debug|x86.Build.0 = Debug|Any CPU
		{33EE92D9-5EDA-41FE-BB0C-652CBDCBE3FA}.Release|Any CPU.ActiveCfg = Release|Any CPU
		{33EE92D9-5EDA-41FE-BB0C-652CBDCBE3FA}.Release|Any CPU.Build.0 = Release|Any CPU
		{33EE92D9-5EDA-41FE-BB0C-652CBDCBE3FA}.Release|x64.ActiveCfg = Release|Any CPU
		{33EE92D9-5EDA-41FE-BB0C-652CBDCBE3FA}.Release|x64.Build.0 = Release|Any CPU
		{33EE92D9-5EDA-41FE-BB0C-652CBDCBE3FA}.Release|x86.ActiveCfg = Release|Any CPU
		{33EE92D9-5EDA-41FE-BB0C-652CBDCBE3FA}.Release|x86.Build.0 = Release|Any CPU
		{ED144FC0-8C5A-4044-B2B3-3B3BA9637C00}.Debug|Any CPU.ActiveCfg = Debug|Any CPU
		{ED144FC0-8C5A-4044-B2B3-3B3BA9637C00}.Debug|Any CPU.Build.0 = Debug|Any CPU
		{ED144FC0-8C5A-4044-B2B3-3B3BA9637C00}.Debug|x64.ActiveCfg = Debug|Any CPU
		{ED144FC0-8C5A-4044-B2B3-3B3BA9637C00}.Debug|x64.Build.0 = Debug|Any CPU
		{ED144FC0-8C5A-4044-B2B3-3B3BA9637C00}.Debug|x86.ActiveCfg = Debug|Any CPU
		{ED144FC0-8C5A-4044-B2B3-3B3BA9637C00}.Debug|x86.Build.0 = Debug|Any CPU
		{ED144FC0-8C5A-4044-B2B3-3B3BA9637C00}.Release|Any CPU.ActiveCfg = Release|Any CPU
		{ED144FC0-8C5A-4044-B2B3-3B3BA9637C00}.Release|Any CPU.Build.0 = Release|Any CPU
		{ED144FC0-8C5A-4044-B2B3-3B3BA9637C00}.Release|x64.ActiveCfg = Release|Any CPU
		{ED144FC0-8C5A-4044-B2B3-3B3BA9637C00}.Release|x64.Build.0 = Release|Any CPU
		{ED144FC0-8C5A-4044-B2B3-3B3BA9637C00}.Release|x86.ActiveCfg = Release|Any CPU
		{ED144FC0-8C5A-4044-B2B3-3B3BA9637C00}.Release|x86.Build.0 = Release|Any CPU
	EndGlobalSection
	GlobalSection(SolutionProperties) = preSolution
		HideSolutionNode = FALSE
	EndGlobalSection
	GlobalSection(NestedProjects) = preSolution
		{B52D60DF-0799-4772-9CE3-60196D75C47E} = {827E0CD3-B72D-47B6-A68D-7590B98EB39B}
		{B6D95538-FF49-4667-95F4-99FB1CF6E598} = {827E0CD3-B72D-47B6-A68D-7590B98EB39B}
		{D282C1F7-342C-470C-8243-4DF8C431EA85} = {827E0CD3-B72D-47B6-A68D-7590B98EB39B}
		{33EE92D9-5EDA-41FE-BB0C-652CBDCBE3FA} = {827E0CD3-B72D-47B6-A68D-7590B98EB39B}
		{ED144FC0-8C5A-4044-B2B3-3B3BA9637C00} = {0AB3BF05-4346-4AA6-1389-037BE0695223}
	EndGlobalSection
	GlobalSection(ExtensibilityGlobals) = postSolution
		SolutionGuid = {36460471-BD35-462C-9D0C-44247CC75C88}
	EndGlobalSection
EndGlobal
